
Microsoft Visual Studio Solution File, Format Version 12.00
# Visual Studio 15
VisualStudioVersion = 15.0.28307.489
MinimumVisualStudioVersion = 10.0.40219.1
Project("{FAE04EC0-301F-11D3-BF4B-00C04F79EFBC}") = "DogRace", "DogRace\DogRace.csproj", "{B69294A9-C20E-4B51-8568-98584BB1D166}"
EndProject
Project("{FAE04EC0-301F-11D3-BF4B-00C04F79EFBC}") = "DogRaceTests", "DogRaceTests\DogRaceTests.csproj", "{21560156-E933-4065-8ABA-98C58667CFEC}"
EndProject
Global
	GlobalSection(SolutionConfigurationPlatforms) = preSolution
		Debug|Any CPU = Debug|Any CPU
		Release|Any CPU = Release|Any CPU
	EndGlobalSection
	GlobalSection(ProjectConfigurationPlatforms) = postSolution
		{B69294A9-C20E-4B51-8568-98584BB1D166}.Debug|Any CPU.ActiveCfg = Debug|Any CPU
		{B69294A9-C20E-4B51-8568-98584BB1D166}.Debug|Any CPU.Build.0 = Debug|Any CPU
		{B69294A9-C20E-4B51-8568-98584BB1D166}.Release|Any CPU.ActiveCfg = Release|Any CPU
		{B69294A9-C20E-4B51-8568-98584BB1D166}.Release|Any CPU.Build.0 = Release|Any CPU
		{21560156-E933-4065-8ABA-98C58667CFEC}.Debug|Any CPU.ActiveCfg = Debug|Any CPU
		{21560156-E933-4065-8ABA-98C58667CFEC}.Debug|Any CPU.Build.0 = Debug|Any CPU
		{21560156-E933-4065-8ABA-98C58667CFEC}.Release|Any CPU.ActiveCfg = Release|Any CPU
		{21560156-E933-4065-8ABA-98C58667CFEC}.Release|Any CPU.Build.0 = Release|Any CPU
	EndGlobalSection
	GlobalSection(SolutionProperties) = preSolution
		HideSolutionNode = FALSE
	EndGlobalSection
	GlobalSection(ExtensibilityGlobals) = postSolution
		SolutionGuid = {D7690495-0CDC-4240-AB92-1BF836E362E8}
	EndGlobalSection
EndGlobal
